
Microsoft Visual Studio Solution File, Format Version 12.00
# Visual Studio Version 16
VisualStudioVersion = 16.0.31515.178
MinimumVisualStudioVersion = 10.0.40219.1
Project("{2150E333-8FDC-42A3-9474-1A3956D46DE8}") = "Solution Items", "Solution Items", "{4E219C01-C15E-4CD8-82CB-C6849B5F8C69}"
	ProjectSection(SolutionItems) = preProject
		.gitignore = .gitignore
		README.md = README.md
	EndProjectSection
EndProject
Project("{9A19103F-16F7-4668-BE54-9A1E7A4F7556}") = "dotnet_zipp_and_zapp", "dotnet_zipp_and_zapp\dotnet_zipp_and_zapp.csproj", "{873ECD19-E7CE-4206-B20D-50F7AA8291BA}"
EndProject
Global
	GlobalSection(SolutionConfigurationPlatforms) = preSolution
		Debug|Any CPU = Debug|Any CPU
		Debug|x64 = Debug|x64
		Debug|x86 = Debug|x86
		Release|Any CPU = Release|Any CPU
		Release|x64 = Release|x64
		Release|x86 = Release|x86
	EndGlobalSection
	GlobalSection(ProjectConfigurationPlatforms) = postSolution
		{873ECD19-E7CE-4206-B20D-50F7AA8291BA}.Debug|Any CPU.ActiveCfg = Debug|Any CPU
		{873ECD19-E7CE-4206-B20D-50F7AA8291BA}.Debug|Any CPU.Build.0 = Debug|Any CPU
		{873ECD19-E7CE-4206-B20D-50F7AA8291BA}.Debug|x64.ActiveCfg = Debug|Any CPU
		{873ECD19-E7CE-4206-B20D-50F7AA8291BA}.Debug|x64.Build.0 = Debug|Any CPU
		{873ECD19-E7CE-4206-B20D-50F7AA8291BA}.Debug|x86.ActiveCfg = Debug|Any CPU
		{873ECD19-E7CE-4206-B20D-50F7AA8291BA}.Debug|x86.Build.0 = Debug|Any CPU
		{873ECD19-E7CE-4206-B20D-50F7AA8291BA}.Release|Any CPU.ActiveCfg = Release|Any CPU
		{873ECD19-E7CE-4206-B20D-50F7AA8291BA}.Release|Any CPU.Build.0 = Release|Any CPU
		{873ECD19-E7CE-4206-B20D-50F7AA8291BA}.Release|x64.ActiveCfg = Release|Any CPU
		{873ECD19-E7CE-4206-B20D-50F7AA8291BA}.Release|x64.Build.0 = Release|Any CPU
		{873ECD19-E7CE-4206-B20D-50F7AA8291BA}.Release|x86.ActiveCfg = Release|Any CPU
		{873ECD19-E7CE-4206-B20D-50F7AA8291BA}.Release|x86.Build.0 = Release|Any CPU
	EndGlobalSection
	GlobalSection(SolutionProperties) = preSolution
		HideSolutionNode = FALSE
	EndGlobalSection
	GlobalSection(ExtensibilityGlobals) = postSolution
		SolutionGuid = {C95BC925-F19F-4B8D-A314-3A1D2E304C39}
	EndGlobalSection
EndGlobal
